
Microsoft Visual Studio Solution File, Format Version 12.00
# Visual Studio Version 17
VisualStudioVersion = 17.4.33205.214
MinimumVisualStudioVersion = 10.0.40219.1
Project("{9A19103F-16F7-4668-BE54-9A1E7A4F7556}") = "Task_02_1", "Task_02_1\Task_02_1.csproj", "{5C0BBF06-169D-47ED-AD51-E9B2407D215F}"
EndProject
Project("{FAE04EC0-301F-11D3-BF4B-00C04F79EFBC}") = "Task_02_2", "Task_02_2\Task_02_2.csproj", "{FBB54AC9-271E-41FC-8FE3-883D41B5729C}"
EndProject
Global
	GlobalSection(SolutionConfigurationPlatforms) = preSolution
		Debug|Any CPU = Debug|Any CPU
		Release|Any CPU = Release|Any CPU
	EndGlobalSection
	GlobalSection(ProjectConfigurationPlatforms) = postSolution
		{5C0BBF06-169D-47ED-AD51-E9B2407D215F}.Debug|Any CPU.ActiveCfg = Debug|Any CPU
		{5C0BBF06-169D-47ED-AD51-E9B2407D215F}.Debug|Any CPU.Build.0 = Debug|Any CPU
		{5C0BBF06-169D-47ED-AD51-E9B2407D215F}.Release|Any CPU.ActiveCfg = Release|Any CPU
		{5C0BBF06-169D-47ED-AD51-E9B2407D215F}.Release|Any CPU.Build.0 = Release|Any CPU
		{FBB54AC9-271E-41FC-8FE3-883D41B5729C}.Debug|Any CPU.ActiveCfg = Debug|Any CPU
		{FBB54AC9-271E-41FC-8FE3-883D41B5729C}.Debug|Any CPU.Build.0 = Debug|Any CPU
		{FBB54AC9-271E-41FC-8FE3-883D41B5729C}.Release|Any CPU.ActiveCfg = Release|Any CPU
		{FBB54AC9-271E-41FC-8FE3-883D41B5729C}.Release|Any CPU.Build.0 = Release|Any CPU
	EndGlobalSection
	GlobalSection(SolutionProperties) = preSolution
		HideSolutionNode = FALSE
	EndGlobalSection
	GlobalSection(ExtensibilityGlobals) = postSolution
		SolutionGuid = {9F6D13A3-4FCB-463A-A86D-F660F76DD724}
	EndGlobalSection
EndGlobal
